dependencies:
- name: postgresql
  repository: https://kubernetes-charts.storage.googleapis.com/
  version: 0.13.1
- name: redis
  repository: https://kubernetes-charts.storage.googleapis.com/
  version: 3.3.3
digest: sha256:5e42f71287fffee364d435c33ecb882f2eec3247a37db7c00adf53351128e815
generated: 2018-06-04T10:36:03.571346-07:00
